
Microsoft Visual Studio Solution File, Format Version 12.00
# Visual Studio Version 16
VisualStudioVersion = 16.0.29306.81
MinimumVisualStudioVersion = 10.0.40219.1
Project("{FAE04EC0-301F-11D3-BF4B-00C04F79EFBC}") = "Task programming", "Task programming\Task programming.csproj", "{857A3910-9F24-4DE7-A877-545485AA1DCB}"
EndProject
Project("{FAE04EC0-301F-11D3-BF4B-00C04F79EFBC}") = "TaskCancellation", "TaskCancellation\TaskCancellation.csproj", "{C09E7518-7CF6-4186-9487-E04F74DC2F51}"
EndProject
Project("{FAE04EC0-301F-11D3-BF4B-00C04F79EFBC}") = "WaitingForTimeToPass", "WaitingForTimeToPass\WaitingForTimeToPass.csproj", "{01672B63-6E57-4507-A802-87CB61D540CE}"
EndProject
Project("{FAE04EC0-301F-11D3-BF4B-00C04F79EFBC}") = "WaitAll_WaitAny", "WaitAll_WaitAny\WaitAll_WaitAny.csproj", "{EAFE73B5-32DC-416D-907A-9B2CD37DA7EC}"
EndProject
Project("{FAE04EC0-301F-11D3-BF4B-00C04F79EFBC}") = "HandlingException", "HandlingException\HandlingException.csproj", "{B31A70F5-ACC4-4B02-9DE5-8CCE9E97F22C}"
EndProject
Global
	GlobalSection(SolutionConfigurationPlatforms) = preSolution
		Debug|Any CPU = Debug|Any CPU
		Release|Any CPU = Release|Any CPU
	EndGlobalSection
	GlobalSection(ProjectConfigurationPlatforms) = postSolution
		{857A3910-9F24-4DE7-A877-545485AA1DCB}.Debug|Any CPU.ActiveCfg = Debug|Any CPU
		{857A3910-9F24-4DE7-A877-545485AA1DCB}.Debug|Any CPU.Build.0 = Debug|Any CPU
		{857A3910-9F24-4DE7-A877-545485AA1DCB}.Release|Any CPU.ActiveCfg = Release|Any CPU
		{857A3910-9F24-4DE7-A877-545485AA1DCB}.Release|Any CPU.Build.0 = Release|Any CPU
		{C09E7518-7CF6-4186-9487-E04F74DC2F51}.Debug|Any CPU.ActiveCfg = Debug|Any CPU
		{C09E7518-7CF6-4186-9487-E04F74DC2F51}.Debug|Any CPU.Build.0 = Debug|Any CPU
		{C09E7518-7CF6-4186-9487-E04F74DC2F51}.Release|Any CPU.ActiveCfg = Release|Any CPU
		{C09E7518-7CF6-4186-9487-E04F74DC2F51}.Release|Any CPU.Build.0 = Release|Any CPU
		{01672B63-6E57-4507-A802-87CB61D540CE}.Debug|Any CPU.ActiveCfg = Debug|Any CPU
		{01672B63-6E57-4507-A802-87CB61D540CE}.Debug|Any CPU.Build.0 = Debug|Any CPU
		{01672B63-6E57-4507-A802-87CB61D540CE}.Release|Any CPU.ActiveCfg = Release|Any CPU
		{01672B63-6E57-4507-A802-87CB61D540CE}.Release|Any CPU.Build.0 = Release|Any CPU
		{EAFE73B5-32DC-416D-907A-9B2CD37DA7EC}.Debug|Any CPU.ActiveCfg = Debug|Any CPU
		{EAFE73B5-32DC-416D-907A-9B2CD37DA7EC}.Debug|Any CPU.Build.0 = Debug|Any CPU
		{EAFE73B5-32DC-416D-907A-9B2CD37DA7EC}.Release|Any CPU.ActiveCfg = Release|Any CPU
		{EAFE73B5-32DC-416D-907A-9B2CD37DA7EC}.Release|Any CPU.Build.0 = Release|Any CPU
		{B31A70F5-ACC4-4B02-9DE5-8CCE9E97F22C}.Debug|Any CPU.ActiveCfg = Debug|Any CPU
		{B31A70F5-ACC4-4B02-9DE5-8CCE9E97F22C}.Debug|Any CPU.Build.0 = Debug|Any CPU
		{B31A70F5-ACC4-4B02-9DE5-8CCE9E97F22C}.Release|Any CPU.ActiveCfg = Release|Any CPU
		{B31A70F5-ACC4-4B02-9DE5-8CCE9E97F22C}.Release|Any CPU.Build.0 = Release|Any CPU
	EndGlobalSection
	GlobalSection(SolutionProperties) = preSolution
		HideSolutionNode = FALSE
	EndGlobalSection
	GlobalSection(ExtensibilityGlobals) = postSolution
		SolutionGuid = {0D6F481F-B220-4D2D-AE5B-27405B76AE22}
	EndGlobalSection
EndGlobal
